
Microsoft Visual Studio Solution File, Format Version 12.00
# Visual Studio Version 16
VisualStudioVersion = 16.0.31613.86
MinimumVisualStudioVersion = 10.0.40219.1
Project("{F2A71F9B-5D33-465A-A702-920D77279786}") = "Pregunta4 - F", "Pregunta4 - F\Pregunta4 - F.fsproj", "{FAD56745-421A-4FB6-9C65-26198726CF3C}"
EndProject
Global
	GlobalSection(SolutionConfigurationPlatforms) = preSolution
		Debug|Any CPU = Debug|Any CPU
		Release|Any CPU = Release|Any CPU
	EndGlobalSection
	GlobalSection(ProjectConfigurationPlatforms) = postSolution
		{FAD56745-421A-4FB6-9C65-26198726CF3C}.Debug|Any CPU.ActiveCfg = Debug|Any CPU
		{FAD56745-421A-4FB6-9C65-26198726CF3C}.Debug|Any CPU.Build.0 = Debug|Any CPU
		{FAD56745-421A-4FB6-9C65-26198726CF3C}.Release|Any CPU.ActiveCfg = Release|Any CPU
		{FAD56745-421A-4FB6-9C65-26198726CF3C}.Release|Any CPU.Build.0 = Release|Any CPU
	EndGlobalSection
	GlobalSection(SolutionProperties) = preSolution
		HideSolutionNode = FALSE
	EndGlobalSection
	GlobalSection(ExtensibilityGlobals) = postSolution
		SolutionGuid = {DBEFA0DA-99A4-4393-A4F9-F91E958514C2}
	EndGlobalSection
EndGlobal
