
Microsoft Visual Studio Solution File, Format Version 12.00
# Visual Studio Version 16
VisualStudioVersion = 16.0.31613.86
MinimumVisualStudioVersion = 10.0.40219.1
Project("{F2A71F9B-5D33-465A-A702-920D77279786}") = "Pregunta5 - F", "Pregunta5 - F\Pregunta5 - F.fsproj", "{D3730AA1-0325-4FF0-B3F1-0C0C426EB207}"
EndProject
Global
	GlobalSection(SolutionConfigurationPlatforms) = preSolution
		Debug|Any CPU = Debug|Any CPU
		Release|Any CPU = Release|Any CPU
	EndGlobalSection
	GlobalSection(ProjectConfigurationPlatforms) = postSolution
		{D3730AA1-0325-4FF0-B3F1-0C0C426EB207}.Debug|Any CPU.ActiveCfg = Debug|Any CPU
		{D3730AA1-0325-4FF0-B3F1-0C0C426EB207}.Debug|Any CPU.Build.0 = Debug|Any CPU
		{D3730AA1-0325-4FF0-B3F1-0C0C426EB207}.Release|Any CPU.ActiveCfg = Release|Any CPU
		{D3730AA1-0325-4FF0-B3F1-0C0C426EB207}.Release|Any CPU.Build.0 = Release|Any CPU
	EndGlobalSection
	GlobalSection(SolutionProperties) = preSolution
		HideSolutionNode = FALSE
	EndGlobalSection
	GlobalSection(ExtensibilityGlobals) = postSolution
		SolutionGuid = {D5ED65F9-6F4A-4D4B-8CBD-8848D43E094B}
	EndGlobalSection
EndGlobal
